
Microsoft Visual Studio Solution File, Format Version 12.00
# Visual Studio Version 17
VisualStudioVersion = 17.13.35825.156
MinimumVisualStudioVersion = 10.0.40219.1
Project("{FAE04EC0-301F-11D3-BF4B-00C04F79EFBC}") = "MicroOrder.ProductService.API", "MicroOrder.ProductService.API\MicroOrder.ProductService.API.csproj", "{162FB7EF-42D8-47B1-83F4-936ED250984A}"
EndProject
Project("{FAE04EC0-301F-11D3-BF4B-00C04F79EFBC}") = "MicroOrder.ProductService.Client", "MicroOrder.ProductService.Client\MicroOrder.ProductService.Client.csproj", "{6C3A7AFC-0666-49FC-96BD-FB31A21E599A}"
EndProject
Project("{FAE04EC0-301F-11D3-BF4B-00C04F79EFBC}") = "MicroOrder.ProductService.Data", "MicroOrder.ProductService.Data\MicroOrder.ProductService.Data.csproj", "{931C0A9B-8743-48E8-ACB8-4B92DE805883}"
EndProject
Project("{FAE04EC0-301F-11D3-BF4B-00C04F79EFBC}") = "MicroOrder.NotificationService", "MicroOrder.NotificationService\MicroOrder.NotificationService.csproj", "{75172D26-0533-4D53-86B9-752EC1A44776}"
EndProject
Project("{FAE04EC0-301F-11D3-BF4B-00C04F79EFBC}") = "MicroOrder.OrderService.API", "MicroOrder.OrderService.API\MicroOrder.OrderService.API.csproj", "{AD33E749-D496-4EDA-84EF-0324DCE87E44}"
EndProject
Project("{FAE04EC0-301F-11D3-BF4B-00C04F79EFBC}") = "MicroOrder.Contracts", "MicroOrder.Contracts\MicroOrder.Contracts.csproj", "{450995EE-0AC9-4DF3-AAF4-D467DD771B85}"
EndProject
Project("{FAE04EC0-301F-11D3-BF4B-00C04F79EFBC}") = "MicroOrder.WebApp", "MicroOrder.WebApp\MicroOrder.WebApp.csproj", "{F7AC53B0-51DB-4630-8E56-E406DE11FA7F}"
EndProject
Project("{FAE04EC0-301F-11D3-BF4B-00C04F79EFBC}") = "MicroOrder.BasketService.API", "MicroOrder.BasketService.API\MicroOrder.BasketService.API.csproj", "{A1BA3A5E-54FE-4EC0-9327-E8B16DC3DE09}"
EndProject
Project("{FAE04EC0-301F-11D3-BF4B-00C04F79EFBC}") = "MicroOrder.BasketService.Client", "MicroOrder.BasketService.Client\MicroOrder.BasketService.Client.csproj", "{DA15A59D-5675-4325-BCA3-8F5D9B7C6605}"
EndProject
Project("{FAE04EC0-301F-11D3-BF4B-00C04F79EFBC}") = "MicroOrder.BasketService.Contracts", "MicroOrder.BasketService.Contracts\MicroOrder.BasketService.Contracts.csproj", "{EE3EE5F0-BB8A-4D6C-A80B-35AEA66E8BEE}"
EndProject
Global
	GlobalSection(SolutionConfigurationPlatforms) = preSolution
		Debug|Any CPU = Debug|Any CPU
		Release|Any CPU = Release|Any CPU
	EndGlobalSection
	GlobalSection(ProjectConfigurationPlatforms) = postSolution
		{162FB7EF-42D8-47B1-83F4-936ED250984A}.Debug|Any CPU.ActiveCfg = Debug|Any CPU
		{162FB7EF-42D8-47B1-83F4-936ED250984A}.Debug|Any CPU.Build.0 = Debug|Any CPU
		{162FB7EF-42D8-47B1-83F4-936ED250984A}.Release|Any CPU.ActiveCfg = Release|Any CPU
		{162FB7EF-42D8-47B1-83F4-936ED250984A}.Release|Any CPU.Build.0 = Release|Any CPU
		{6C3A7AFC-0666-49FC-96BD-FB31A21E599A}.Debug|Any CPU.ActiveCfg = Debug|Any CPU
		{6C3A7AFC-0666-49FC-96BD-FB31A21E599A}.Debug|Any CPU.Build.0 = Debug|Any CPU
		{6C3A7AFC-0666-49FC-96BD-FB31A21E599A}.Release|Any CPU.ActiveCfg = Release|Any CPU
		{6C3A7AFC-0666-49FC-96BD-FB31A21E599A}.Release|Any CPU.Build.0 = Release|Any CPU
		{931C0A9B-8743-48E8-ACB8-4B92DE805883}.Debug|Any CPU.ActiveCfg = Debug|Any CPU
		{931C0A9B-8743-48E8-ACB8-4B92DE805883}.Debug|Any CPU.Build.0 = Debug|Any CPU
		{931C0A9B-8743-48E8-ACB8-4B92DE805883}.Release|Any CPU.ActiveCfg = Release|Any CPU
		{931C0A9B-8743-48E8-ACB8-4B92DE805883}.Release|Any CPU.Build.0 = Release|Any CPU
		{75172D26-0533-4D53-86B9-752EC1A44776}.Debug|Any CPU.ActiveCfg = Debug|Any CPU
		{75172D26-0533-4D53-86B9-752EC1A44776}.Debug|Any CPU.Build.0 = Debug|Any CPU
		{75172D26-0533-4D53-86B9-752EC1A44776}.Release|Any CPU.ActiveCfg = Release|Any CPU
		{75172D26-0533-4D53-86B9-752EC1A44776}.Release|Any CPU.Build.0 = Release|Any CPU
		{AD33E749-D496-4EDA-84EF-0324DCE87E44}.Debug|Any CPU.ActiveCfg = Debug|Any CPU
		{AD33E749-D496-4EDA-84EF-0324DCE87E44}.Debug|Any CPU.Build.0 = Debug|Any CPU
		{AD33E749-D496-4EDA-84EF-0324DCE87E44}.Release|Any CPU.ActiveCfg = Release|Any CPU
		{AD33E749-D496-4EDA-84EF-0324DCE87E44}.Release|Any CPU.Build.0 = Release|Any CPU
		{450995EE-0AC9-4DF3-AAF4-D467DD771B85}.Debug|Any CPU.ActiveCfg = Debug|Any CPU
		{450995EE-0AC9-4DF3-AAF4-D467DD771B85}.Debug|Any CPU.Build.0 = Debug|Any CPU
		{450995EE-0AC9-4DF3-AAF4-D467DD771B85}.Release|Any CPU.ActiveCfg = Release|Any CPU
		{450995EE-0AC9-4DF3-AAF4-D467DD771B85}.Release|Any CPU.Build.0 = Release|Any CPU
		{F7AC53B0-51DB-4630-8E56-E406DE11FA7F}.Debug|Any CPU.ActiveCfg = Debug|Any CPU
		{F7AC53B0-51DB-4630-8E56-E406DE11FA7F}.Debug|Any CPU.Build.0 = Debug|Any CPU
		{F7AC53B0-51DB-4630-8E56-E406DE11FA7F}.Release|Any CPU.ActiveCfg = Release|Any CPU
		{F7AC53B0-51DB-4630-8E56-E406DE11FA7F}.Release|Any CPU.Build.0 = Release|Any CPU
		{A1BA3A5E-54FE-4EC0-9327-E8B16DC3DE09}.Debug|Any CPU.ActiveCfg = Debug|Any CPU
		{A1BA3A5E-54FE-4EC0-9327-E8B16DC3DE09}.Debug|Any CPU.Build.0 = Debug|Any CPU
		{A1BA3A5E-54FE-4EC0-9327-E8B16DC3DE09}.Release|Any CPU.ActiveCfg = Release|Any CPU
		{A1BA3A5E-54FE-4EC0-9327-E8B16DC3DE09}.Release|Any CPU.Build.0 = Release|Any CPU
		{DA15A59D-5675-4325-BCA3-8F5D9B7C6605}.Debug|Any CPU.ActiveCfg = Debug|Any CPU
		{DA15A59D-5675-4325-BCA3-8F5D9B7C6605}.Debug|Any CPU.Build.0 = Debug|Any CPU
		{DA15A59D-5675-4325-BCA3-8F5D9B7C6605}.Release|Any CPU.ActiveCfg = Release|Any CPU
		{DA15A59D-5675-4325-BCA3-8F5D9B7C6605}.Release|Any CPU.Build.0 = Release|Any CPU
		{EE3EE5F0-BB8A-4D6C-A80B-35AEA66E8BEE}.Debug|Any CPU.ActiveCfg = Debug|Any CPU
		{EE3EE5F0-BB8A-4D6C-A80B-35AEA66E8BEE}.Debug|Any CPU.Build.0 = Debug|Any CPU
		{EE3EE5F0-BB8A-4D6C-A80B-35AEA66E8BEE}.Release|Any CPU.ActiveCfg = Release|Any CPU
		{EE3EE5F0-BB8A-4D6C-A80B-35AEA66E8BEE}.Release|Any CPU.Build.0 = Release|Any CPU
	EndGlobalSection
	GlobalSection(SolutionProperties) = preSolution
		HideSolutionNode = FALSE
	EndGlobalSection
	GlobalSection(ExtensibilityGlobals) = postSolution
		SolutionGuid = {0952B26B-E020-4DB2-832D-CB25FA153C50}
	EndGlobalSection
EndGlobal
